
Microsoft Visual Studio Solution File, Format Version 12.00
# Visual Studio Version 16
VisualStudioVersion = 16.0.31005.135
MinimumVisualStudioVersion = 10.0.40219.1
Project("{9A19103F-16F7-4668-BE54-9A1E7A4F7556}") = "ConsoleApp1", "ConsoleApp1\ConsoleApp1.csproj", "{CFC6EE09-EB77-4635-80BD-313970885991}"
EndProject
Global
	GlobalSection(SolutionConfigurationPlatforms) = preSolution
		Debug|Any CPU = Debug|Any CPU
		Release|Any CPU = Release|Any CPU
	EndGlobalSection
	GlobalSection(ProjectConfigurationPlatforms) = postSolution
		{CFC6EE09-EB77-4635-80BD-313970885991}.Debug|Any CPU.ActiveCfg = Debug|Any CPU
		{CFC6EE09-EB77-4635-80BD-313970885991}.Debug|Any CPU.Build.0 = Debug|Any CPU
		{CFC6EE09-EB77-4635-80BD-313970885991}.Release|Any CPU.ActiveCfg = Release|Any CPU
		{CFC6EE09-EB77-4635-80BD-313970885991}.Release|Any CPU.Build.0 = Release|Any CPU
	EndGlobalSection
	GlobalSection(SolutionProperties) = preSolution
		HideSolutionNode = FALSE
	EndGlobalSection
	GlobalSection(ExtensibilityGlobals) = postSolution
		SolutionGuid = {E5F57522-65FA-4A13-BAC7-8B79850345E0}
	EndGlobalSection
EndGlobal
